# This file is generated by running "yarn install" inside your project.
# Manual changes might be lost - proceed with caution!

__metadata:
  version: 6
  cacheKey: 8

"@cspotcode/source-map-support@npm:^0.8.0":
  version: 0.8.1
  resolution: "@cspotcode/source-map-support@npm:0.8.1"
  dependencies:
    "@jridgewell/trace-mapping": 0.3.9
  checksum: 5718f267085ed8edb3e7ef210137241775e607ee18b77d95aa5bd7514f47f5019aa2d82d96b3bf342ef7aa890a346fa1044532ff7cc3009e7d24fce3ce6200fa
  languageName: node
  linkType: hard

"@jridgewell/resolve-uri@npm:^3.0.3":
  version: 3.1.0
  resolution: "@jridgewell/resolve-uri@npm:3.1.0"
  checksum: b5ceaaf9a110fcb2780d1d8f8d4a0bfd216702f31c988d8042e5f8fbe353c55d9b0f55a1733afdc64806f8e79c485d2464680ac48a0d9fcadb9548ee6b81d267
  languageName: node
  linkType: hard

"@jridgewell/sourcemap-codec@npm:^1.4.10":
  version: 1.4.14
  resolution: "@jridgewell/sourcemap-codec@npm:1.4.14"
  checksum: 61100637b6d173d3ba786a5dff019e1a74b1f394f323c1fee337ff390239f053b87266c7a948777f4b1ee68c01a8ad0ab61e5ff4abb5a012a0b091bec391ab97
  languageName: node
  linkType: hard

"@jridgewell/trace-mapping@npm:0.3.9":
  version: 0.3.9
  resolution: "@jridgewell/trace-mapping@npm:0.3.9"
  dependencies:
    "@jridgewell/resolve-uri": ^3.0.3
    "@jridgewell/sourcemap-codec": ^1.4.10
  checksum: d89597752fd88d3f3480845691a05a44bd21faac18e2185b6f436c3b0fd0c5a859fbbd9aaa92050c4052caf325ad3e10e2e1d1b64327517471b7d51babc0ddef
  languageName: node
  linkType: hard

"@nodelib/fs.scandir@npm:2.1.5":
  version: 2.1.5
  resolution: "@nodelib/fs.scandir@npm:2.1.5"
  dependencies:
    "@nodelib/fs.stat": 2.0.5
    run-parallel: ^1.1.9
  checksum: a970d595bd23c66c880e0ef1817791432dbb7acbb8d44b7e7d0e7a22f4521260d4a83f7f9fd61d44fda4610105577f8f58a60718105fb38352baed612fd79e59
  languageName: node
  linkType: hard

"@nodelib/fs.stat@npm:2.0.5, @nodelib/fs.stat@npm:^2.0.2":
  version: 2.0.5
  resolution: "@nodelib/fs.stat@npm:2.0.5"
  checksum: 012480b5ca9d97bff9261571dbbec7bbc6033f69cc92908bc1ecfad0792361a5a1994bc48674b9ef76419d056a03efadfce5a6cf6dbc0a36559571a7a483f6f0
  languageName: node
  linkType: hard

"@nodelib/fs.walk@npm:^1.2.3":
  version: 1.2.8
  resolution: "@nodelib/fs.walk@npm:1.2.8"
  dependencies:
    "@nodelib/fs.scandir": 2.1.5
    fastq: ^1.6.0
  checksum: 190c643f156d8f8f277bf2a6078af1ffde1fd43f498f187c2db24d35b4b4b5785c02c7dc52e356497b9a1b65b13edc996de08de0b961c32844364da02986dc53
  languageName: node
  linkType: hard

"@ory/client@npm:1.6.1":
  version: 1.6.1
  resolution: "@ory/client@npm:1.6.1"
  dependencies:
    axios: ^1.6.1
  checksum: 7b7a937a4f3a66d86e5bfb4e053d4debfa25443b99706d50f812d3371edddb67fcbee4d16f5041951077055a21c0fc5bdd870af558117ed5bdc0ef3f8f96789f
  languageName: node
  linkType: hard

"@pkgr/core@npm:^0.1.0":
  version: 0.1.0
  resolution: "@pkgr/core@npm:0.1.0"
  checksum: eeff0e0e517b1ed10eb4c1a8971413a8349bbfdab727dbe7d4085fd94eab95f0c3beb51b9245fef30562849d2a7a119e07ca48c343c8c4ec4e64ee289f50fe5e
  languageName: node
  linkType: hard

"@tsconfig/node10@npm:^1.0.7":
  version: 1.0.9
  resolution: "@tsconfig/node10@npm:1.0.9"
  checksum: a33ae4dc2a621c0678ac8ac4bceb8e512ae75dac65417a2ad9b022d9b5411e863c4c198b6ba9ef659e14b9fb609bbec680841a2e84c1172df7a5ffcf076539df
  languageName: node
  linkType: hard

"@tsconfig/node12@npm:^1.0.7":
  version: 1.0.11
  resolution: "@tsconfig/node12@npm:1.0.11"
  checksum: 5ce29a41b13e7897a58b8e2df11269c5395999e588b9a467386f99d1d26f6c77d1af2719e407621412520ea30517d718d5192a32403b8dfcc163bf33e40a338a
  languageName: node
  linkType: hard

"@tsconfig/node14@npm:^1.0.0":
  version: 1.0.3
  resolution: "@tsconfig/node14@npm:1.0.3"
  checksum: 19275fe80c4c8d0ad0abed6a96dbf00642e88b220b090418609c4376e1cef81bf16237bf170ad1b341452feddb8115d8dd2e5acdfdea1b27422071163dc9ba9d
  languageName: node
  linkType: hard

"@tsconfig/node16@npm:^1.0.2":
  version: 1.0.3
  resolution: "@tsconfig/node16@npm:1.0.3"
  checksum: 3a8b657dd047495b7ad23437d6afd20297ce90380ff0bdee93fc7d39a900dbd8d9e26e53ff6b465e7967ce2adf0b218782590ce9013285121e6a5928fbd6819f
  languageName: node
  linkType: hard

"@types/node@npm:^18.19.17":
  version: 18.19.17
  resolution: "@types/node@npm:18.19.17"
  dependencies:
    undici-types: ~5.26.4
  checksum: f04c46ddcb33eb8b2ae6e6ae1a50b40bd5478462f8e80ea2023325e256ac10c4d033a2f62f49cdeba156a570979b1fc6cb6d9809167e2a60a18da80c32da0733
  languageName: node
  linkType: hard

"acorn-walk@npm:^8.1.1":
  version: 8.2.0
  resolution: "acorn-walk@npm:8.2.0"
  checksum: 1715e76c01dd7b2d4ca472f9c58968516a4899378a63ad5b6c2d668bba8da21a71976c14ec5f5b75f887b6317c4ae0b897ab141c831d741dc76024d8745f1ad1
  languageName: node
  linkType: hard

"acorn@npm:^8.4.1":
  version: 8.8.1
  resolution: "acorn@npm:8.8.1"
  bin:
    acorn: bin/acorn
  checksum: 4079b67283b94935157698831967642f24a075c52ce3feaaaafe095776dfbe15d86a1b33b1e53860fc0d062ed6c83f4284a5c87c85b9ad51853a01173da6097f
  languageName: node
  linkType: hard

"arg@npm:^4.1.0":
  version: 4.1.3
  resolution: "arg@npm:4.1.3"
  checksum: 544af8dd3f60546d3e4aff084d451b96961d2267d668670199692f8d054f0415d86fc5497d0e641e91546f0aa920e7c29e5250e99fc89f5552a34b5d93b77f43
  languageName: node
  linkType: hard

"asynckit@npm:^0.4.0":
  version: 0.4.0
  resolution: "asynckit@npm:0.4.0"
  checksum: 7b78c451df768adba04e2d02e63e2d0bf3b07adcd6e42b4cf665cb7ce899bedd344c69a1dcbce355b5f972d597b25aaa1c1742b52cffd9caccb22f348114f6be
  languageName: node
  linkType: hard

"axios@npm:^1.6.1":
  version: 1.6.7
  resolution: "axios@npm:1.6.7"
  dependencies:
    follow-redirects: ^1.15.4
    form-data: ^4.0.0
    proxy-from-env: ^1.1.0
  checksum: 87d4d429927d09942771f3b3a6c13580c183e31d7be0ee12f09be6d5655304996bb033d85e54be81606f4e89684df43be7bf52d14becb73a12727bf33298a082
  languageName: node
  linkType: hard

"bignumber.js@npm:9.0.0":
  version: 9.0.0
  resolution: "bignumber.js@npm:9.0.0"
  checksum: 51f37890bca58bded63720add832b1c4898cf5b8ad95b5d4d9c3e763c461163d0355d11d91b740b0216b02e4e8cbb02455b28ee32140b775d96a39bbd817fdf6
  languageName: node
  linkType: hard

"braces@npm:^3.0.2":
  version: 3.0.2
  resolution: "braces@npm:3.0.2"
  dependencies:
    fill-range: ^7.0.1
  checksum: e2a8e769a863f3d4ee887b5fe21f63193a891c68b612ddb4b68d82d1b5f3ff9073af066c343e9867a393fe4c2555dcb33e89b937195feb9c1613d259edfcd459
  languageName: node
  linkType: hard

"combined-stream@npm:^1.0.8":
  version: 1.0.8
  resolution: "combined-stream@npm:1.0.8"
  dependencies:
    delayed-stream: ~1.0.0
  checksum: 49fa4aeb4916567e33ea81d088f6584749fc90c7abec76fd516bf1c5aa5c79f3584b5ba3de6b86d26ddd64bae5329c4c7479343250cfe71c75bb366eae53bb7c
  languageName: node
  linkType: hard

"core-util-is@npm:~1.0.0":
  version: 1.0.3
  resolution: "core-util-is@npm:1.0.3"
  checksum: 9de8597363a8e9b9952491ebe18167e3b36e7707569eed0ebf14f8bba773611376466ae34575bca8cfe3c767890c859c74056084738f09d4e4a6f902b2ad7d99
  languageName: node
  linkType: hard

"create-require@npm:^1.1.0":
  version: 1.1.1
  resolution: "create-require@npm:1.1.1"
  checksum: a9a1503d4390d8b59ad86f4607de7870b39cad43d929813599a23714831e81c520bddf61bcdd1f8e30f05fd3a2b71ae8538e946eb2786dc65c2bbc520f692eff
  languageName: node
  linkType: hard

"delayed-stream@npm:~1.0.0":
  version: 1.0.0
  resolution: "delayed-stream@npm:1.0.0"
  checksum: 46fe6e83e2cb1d85ba50bd52803c68be9bd953282fa7096f51fc29edd5d67ff84ff753c51966061e5ba7cb5e47ef6d36a91924eddb7f3f3483b1c560f77a0020
  languageName: node
  linkType: hard

"detect-indent@npm:^7.0.1":
  version: 7.0.1
  resolution: "detect-indent@npm:7.0.1"
  checksum: cbf3f0b1c3c881934ca94428e1179b26ab2a587e0d719031d37a67fb506d49d067de54ff057cb1e772e75975fed5155c01cd4518306fee60988b1486e3fc7768
  languageName: node
  linkType: hard

"detect-newline@npm:^4.0.0":
  version: 4.0.0
  resolution: "detect-newline@npm:4.0.0"
  checksum: 52767347c70f485b2d1db6493dde57b8c3c1f249e24bad7eb7424cc1129200aa7e671902ede18bc94a8b69e10dec91456aab4c7e2478559d9eedb31ef3847f36
  languageName: node
  linkType: hard

"diff@npm:^4.0.1":
  version: 4.0.2
  resolution: "diff@npm:4.0.2"
  checksum: f2c09b0ce4e6b301c221addd83bf3f454c0bc00caa3dd837cf6c127d6edf7223aa2bbe3b688feea110b7f262adbfc845b757c44c8a9f8c0c5b15d8fa9ce9d20d
  languageName: node
  linkType: hard

"dir-glob@npm:^3.0.1":
  version: 3.0.1
  resolution: "dir-glob@npm:3.0.1"
  dependencies:
    path-type: ^4.0.0
  checksum: fa05e18324510d7283f55862f3161c6759a3f2f8dbce491a2fc14c8324c498286c54282c1f0e933cb930da8419b30679389499b919122952a4f8592362ef4615
  languageName: node
  linkType: hard

"fast-glob@npm:^3.3.0":
  version: 3.3.0
  resolution: "fast-glob@npm:3.3.0"
  dependencies:
    "@nodelib/fs.stat": ^2.0.2
    "@nodelib/fs.walk": ^1.2.3
    glob-parent: ^5.1.2
    merge2: ^1.3.0
    micromatch: ^4.0.4
  checksum: 20df62be28eb5426fe8e40e0d05601a63b1daceb7c3d87534afcad91bdcf1e4b1743cf2d5247d6e225b120b46df0b9053a032b2691ba34ee121e033acd81f547
  languageName: node
  linkType: hard

"fastq@npm:^1.6.0":
  version: 1.14.0
  resolution: "fastq@npm:1.14.0"
  dependencies:
    reusify: ^1.0.4
  checksum: da2c05ec1446ef77b8ba2b76619c90d483404f5087e71e77469fbee797280a1f4ef26a63be15b2377198bc20d09fdf25c7d6e1e492a1e568a29dfdd9bcb7538c
  languageName: node
  linkType: hard

"fill-range@npm:^7.0.1":
  version: 7.0.1
  resolution: "fill-range@npm:7.0.1"
  dependencies:
    to-regex-range: ^5.0.1
  checksum: cc283f4e65b504259e64fd969bcf4def4eb08d85565e906b7d36516e87819db52029a76b6363d0f02d0d532f0033c9603b9e2d943d56ee3b0d4f7ad3328ff917
  languageName: node
  linkType: hard

"follow-redirects@npm:^1.15.4":
  version: 1.15.5
  resolution: "follow-redirects@npm:1.15.5"
  peerDependenciesMeta:
    debug:
      optional: true
  checksum: 5ca49b5ce6f44338cbfc3546823357e7a70813cecc9b7b768158a1d32c1e62e7407c944402a918ea8c38ae2e78266312d617dc68783fac502cbb55e1047b34ec
  languageName: node
  linkType: hard

"form-data@npm:^4.0.0":
  version: 4.0.0
  resolution: "form-data@npm:4.0.0"
  dependencies:
    asynckit: ^0.4.0
    combined-stream: ^1.0.8
    mime-types: ^2.1.12
  checksum: 01135bf8675f9d5c61ff18e2e2932f719ca4de964e3be90ef4c36aacfc7b9cb2fceb5eca0b7e0190e3383fe51c5b37f4cb80b62ca06a99aaabfcfd6ac7c9328c
  languageName: node
  linkType: hard

"get-stdin@npm:^9.0.0":
  version: 9.0.0
  resolution: "get-stdin@npm:9.0.0"
  checksum: 5972bc34d05932b45512c8e2d67b040f1c1ca8afb95c56cbc480985f2d761b7e37fe90dc8abd22527f062cc5639a6930ff346e9952ae4c11a2d4275869459594
  languageName: node
  linkType: hard

"git-hooks-list@npm:^3.0.0":
  version: 3.1.0
  resolution: "git-hooks-list@npm:3.1.0"
  checksum: 05cbdb29e1e14f3b6fde78c876a34383e4476b1be32e8486ad03293f01add884c1a8df8c2dce2ca5d99119c94951b2ff9fa9cbd51d834ae6477b6813cefb998f
  languageName: node
  linkType: hard

"glob-parent@npm:^5.1.2":
  version: 5.1.2
  resolution: "glob-parent@npm:5.1.2"
  dependencies:
    is-glob: ^4.0.1
  checksum: f4f2bfe2425296e8a47e36864e4f42be38a996db40420fe434565e4480e3322f18eb37589617a98640c5dc8fdec1a387007ee18dbb1f3f5553409c34d17f425e
  languageName: node
  linkType: hard

"globby@npm:^13.1.2":
  version: 13.2.2
  resolution: "globby@npm:13.2.2"
  dependencies:
    dir-glob: ^3.0.1
    fast-glob: ^3.3.0
    ignore: ^5.2.4
    merge2: ^1.4.1
    slash: ^4.0.0
  checksum: f3d84ced58a901b4fcc29c846983108c426631fe47e94872868b65565495f7bee7b3defd68923bd480582771fd4bbe819217803a164a618ad76f1d22f666f41e
  languageName: node
  linkType: hard

"ignore@npm:^5.2.4":
  version: 5.2.4
  resolution: "ignore@npm:5.2.4"
  checksum: 3d4c309c6006e2621659311783eaea7ebcd41fe4ca1d78c91c473157ad6666a57a2df790fe0d07a12300d9aac2888204d7be8d59f9aaf665b1c7fcdb432517ef
  languageName: node
  linkType: hard

"inherits@npm:~2.0.3":
  version: 2.0.4
  resolution: "inherits@npm:2.0.4"
  checksum: 4a48a733847879d6cf6691860a6b1e3f0f4754176e4d71494c41f3475553768b10f84b5ce1d40fbd0e34e6bfbb864ee35858ad4dd2cf31e02fc4a154b724d7f1
  languageName: node
  linkType: hard

"is-extglob@npm:^2.1.1":
  version: 2.1.1
  resolution: "is-extglob@npm:2.1.1"
  checksum: df033653d06d0eb567461e58a7a8c9f940bd8c22274b94bf7671ab36df5719791aae15eef6d83bbb5e23283967f2f984b8914559d4449efda578c775c4be6f85
  languageName: node
  linkType: hard

"is-glob@npm:^4.0.1":
  version: 4.0.3
  resolution: "is-glob@npm:4.0.3"
  dependencies:
    is-extglob: ^2.1.1
  checksum: d381c1319fcb69d341cc6e6c7cd588e17cd94722d9a32dbd60660b993c4fb7d0f19438674e68dfec686d09b7c73139c9166b47597f846af387450224a8101ab4
  languageName: node
  linkType: hard

"is-number@npm:^7.0.0":
  version: 7.0.0
  resolution: "is-number@npm:7.0.0"
  checksum: 456ac6f8e0f3111ed34668a624e45315201dff921e5ac181f8ec24923b99e9f32ca1a194912dc79d539c97d33dba17dc635202ff0b2cf98326f608323276d27a
  languageName: node
  linkType: hard

"is-plain-obj@npm:^4.1.0":
  version: 4.1.0
  resolution: "is-plain-obj@npm:4.1.0"
  checksum: 6dc45da70d04a81f35c9310971e78a6a3c7a63547ef782e3a07ee3674695081b6ca4e977fbb8efc48dae3375e0b34558d2bcd722aec9bddfa2d7db5b041be8ce
  languageName: node
  linkType: hard

"isarray@npm:~1.0.0":
  version: 1.0.0
  resolution: "isarray@npm:1.0.0"
  checksum: f032df8e02dce8ec565cf2eb605ea939bdccea528dbcf565cdf92bfa2da9110461159d86a537388ef1acef8815a330642d7885b29010e8f7eac967c9993b65ab
  languageName: node
  linkType: hard

"js-sha1@npm:^0.7.0":
  version: 0.7.0
  resolution: "js-sha1@npm:0.7.0"
  checksum: c0dfb69df9979025f7ebc7a91ebbf43920d736c584c83cfc94747241dba6be27dc2a5afdc3e8fa178cc54908123677d435f2c65c256c6d3f53d8179a2650dba2
  languageName: node
  linkType: hard

"make-error@npm:^1.1.1":
  version: 1.3.6
  resolution: "make-error@npm:1.3.6"
  checksum: b86e5e0e25f7f777b77fabd8e2cbf15737972869d852a22b7e73c17623928fccb826d8e46b9951501d3f20e51ad74ba8c59ed584f610526a48f8ccf88aaec402
  languageName: node
  linkType: hard

"merge2@npm:^1.3.0, merge2@npm:^1.4.1":
  version: 1.4.1
  resolution: "merge2@npm:1.4.1"
  checksum: 7268db63ed5169466540b6fb947aec313200bcf6d40c5ab722c22e242f651994619bcd85601602972d3c85bd2cc45a358a4c61937e9f11a061919a1da569b0c2
  languageName: node
  linkType: hard

"micromatch@npm:^4.0.4":
  version: 4.0.5
  resolution: "micromatch@npm:4.0.5"
  dependencies:
    braces: ^3.0.2
    picomatch: ^2.3.1
  checksum: 02a17b671c06e8fefeeb6ef996119c1e597c942e632a21ef589154f23898c9c6a9858526246abb14f8bca6e77734aa9dcf65476fca47cedfb80d9577d52843fc
  languageName: node
  linkType: hard

"mime-db@npm:1.52.0":
  version: 1.52.0
  resolution: "mime-db@npm:1.52.0"
  checksum: 0d99a03585f8b39d68182803b12ac601d9c01abfa28ec56204fa330bc9f3d1c5e14beb049bafadb3dbdf646dfb94b87e24d4ec7b31b7279ef906a8ea9b6a513f
  languageName: node
  linkType: hard

"mime-types@npm:^2.1.12":
  version: 2.1.35
  resolution: "mime-types@npm:2.1.35"
  dependencies:
    mime-db: 1.52.0
  checksum: 89a5b7f1def9f3af5dad6496c5ed50191ae4331cc5389d7c521c8ad28d5fdad2d06fd81baf38fed813dc4e46bb55c8145bb0ff406330818c9cf712fb2e9b3836
  languageName: node
  linkType: hard

"mvdan-sh@npm:^0.10.1":
  version: 0.10.1
  resolution: "mvdan-sh@npm:0.10.1"
  checksum: 32ac3ad9adb3370a2b98256f1cb80572e7a8bd27958d20c1856e0bf7c339ef3ab232a1547b7615aa670ee8e557702abfc04d7dd362f15cd86ce01bab65172b47
  languageName: node
  linkType: hard

"mysql@npm:^2.18.1":
  version: 2.18.1
  resolution: "mysql@npm:2.18.1"
  dependencies:
    bignumber.js: 9.0.0
    readable-stream: 2.3.7
    safe-buffer: 5.1.2
    sqlstring: 2.3.1
  checksum: 430dec8525e849bbb53f78ffc7aa85b2d1535f49f96ae06064089219cfabfdb9b4051e1fabcbacc0e5b85174ae4c762b071b99d4fb4d062e98f90e723b1def0a
  languageName: node
  linkType: hard

"path-type@npm:^4.0.0":
  version: 4.0.0
  resolution: "path-type@npm:4.0.0"
  checksum: 5b1e2daa247062061325b8fdbfd1fb56dde0a448fb1455453276ea18c60685bdad23a445dc148cf87bc216be1573357509b7d4060494a6fd768c7efad833ee45
  languageName: node
  linkType: hard

"picomatch@npm:^2.3.1":
  version: 2.3.1
  resolution: "picomatch@npm:2.3.1"
  checksum: 050c865ce81119c4822c45d3c84f1ced46f93a0126febae20737bd05ca20589c564d6e9226977df859ed5e03dc73f02584a2b0faad36e896936238238b0446cf
  languageName: node
  linkType: hard

"prettier-plugin-packagejson@npm:^2.4.11":
  version: 2.4.11
  resolution: "prettier-plugin-packagejson@npm:2.4.11"
  dependencies:
    sort-package-json: 2.7.0
    synckit: 0.9.0
  peerDependencies:
    prettier: ">= 1.16.0"
  peerDependenciesMeta:
    prettier:
      optional: true
  checksum: 3a7b44d2e8f781c604dbc26be510ed42665a24da792a72009c5030024fb7d61a199ec055e9b05ce5c92e4e3af706ce89b7486bafbc16a45a85ac3fb2f76b22ef
  languageName: node
  linkType: hard

"prettier-plugin-sh@npm:^0.14.0":
  version: 0.14.0
  resolution: "prettier-plugin-sh@npm:0.14.0"
  dependencies:
    mvdan-sh: ^0.10.1
    sh-syntax: ^0.4.1
  peerDependencies:
    prettier: ^3.0.3
  checksum: 5b1bb1a17f6245983c1e4fd0f7a600e200e9248da686a551466942a8e4f30f1f65c5c09de14d43017a8c490c7215d44adade7c82d53acecbb1edcdc40dff6e42
  languageName: node
  linkType: hard

"prettier@npm:^3.2.5":
  version: 3.2.5
  resolution: "prettier@npm:3.2.5"
  bin:
    prettier: bin/prettier.cjs
  checksum: 2ee4e1417572372afb7a13bb446b34f20f1bf1747db77cf6ccaf57a9be005f2f15c40f903d41a6b79eec3f57fff14d32a20fb6dee1f126da48908926fe43c311
  languageName: node
  linkType: hard

"process-nextick-args@npm:~2.0.0":
  version: 2.0.1
  resolution: "process-nextick-args@npm:2.0.1"
  checksum: 1d38588e520dab7cea67cbbe2efdd86a10cc7a074c09657635e34f035277b59fbb57d09d8638346bf7090f8e8ebc070c96fa5fd183b777fff4f5edff5e9466cf
  languageName: node
  linkType: hard

"proxy-from-env@npm:^1.1.0":
  version: 1.1.0
  resolution: "proxy-from-env@npm:1.1.0"
  checksum: ed7fcc2ba0a33404958e34d95d18638249a68c430e30fcb6c478497d72739ba64ce9810a24f53a7d921d0c065e5b78e3822759800698167256b04659366ca4d4
  languageName: node
  linkType: hard

"queue-microtask@npm:^1.2.2":
  version: 1.2.3
  resolution: "queue-microtask@npm:1.2.3"
  checksum: b676f8c040cdc5b12723ad2f91414d267605b26419d5c821ff03befa817ddd10e238d22b25d604920340fd73efd8ba795465a0377c4adf45a4a41e4234e42dc4
  languageName: node
  linkType: hard

"readable-stream@npm:2.3.7":
  version: 2.3.7
  resolution: "readable-stream@npm:2.3.7"
  dependencies:
    core-util-is: ~1.0.0
    inherits: ~2.0.3
    isarray: ~1.0.0
    process-nextick-args: ~2.0.0
    safe-buffer: ~5.1.1
    string_decoder: ~1.1.1
    util-deprecate: ~1.0.1
  checksum: e4920cf7549a60f8aaf694d483a0e61b2a878b969d224f89b3bc788b8d920075132c4b55a7494ee944c7b6a9a0eada28a7f6220d80b0312ece70bbf08eeca755
  languageName: node
  linkType: hard

"reusify@npm:^1.0.4":
  version: 1.0.4
  resolution: "reusify@npm:1.0.4"
  checksum: c3076ebcc22a6bc252cb0b9c77561795256c22b757f40c0d8110b1300723f15ec0fc8685e8d4ea6d7666f36c79ccc793b1939c748bf36f18f542744a4e379fcc
  languageName: node
  linkType: hard

"run-parallel@npm:^1.1.9":
  version: 1.2.0
  resolution: "run-parallel@npm:1.2.0"
  dependencies:
    queue-microtask: ^1.2.2
  checksum: cb4f97ad25a75ebc11a8ef4e33bb962f8af8516bb2001082ceabd8902e15b98f4b84b4f8a9b222e5d57fc3bd1379c483886ed4619367a7680dad65316993021d
  languageName: node
  linkType: hard

"safe-buffer@npm:5.1.2, safe-buffer@npm:~5.1.0, safe-buffer@npm:~5.1.1":
  version: 5.1.2
  resolution: "safe-buffer@npm:5.1.2"
  checksum: f2f1f7943ca44a594893a852894055cf619c1fbcb611237fc39e461ae751187e7baf4dc391a72125e0ac4fb2d8c5c0b3c71529622e6a58f46b960211e704903c
  languageName: node
  linkType: hard

"serlo-local-dev-env@workspace:.":
  version: 0.0.0-use.local
  resolution: "serlo-local-dev-env@workspace:."
  dependencies:
    "@ory/client": 1.6.1
    "@types/node": ^18.19.17
    js-sha1: ^0.7.0
    mysql: ^2.18.1
    prettier: ^3.2.5
    prettier-plugin-packagejson: ^2.4.11
    prettier-plugin-sh: ^0.14.0
    ts-node: ^10.9.2
    typescript: ^5.3.3
  languageName: unknown
  linkType: soft

"sh-syntax@npm:^0.4.1":
  version: 0.4.1
  resolution: "sh-syntax@npm:0.4.1"
  dependencies:
    tslib: ^2.6.0
  checksum: 9bc0fc93163735d15d11d8f865e63382d66eea54b8483f82ac37698e3edd4ffb1b5efaf7de06cdbe9a202387d57a5437dc032e49cae32c3a30608d71a38a5258
  languageName: node
  linkType: hard

"slash@npm:^4.0.0":
  version: 4.0.0
  resolution: "slash@npm:4.0.0"
  checksum: da8e4af73712253acd21b7853b7e0dbba776b786e82b010a5bfc8b5051a1db38ed8aba8e1e8f400dd2c9f373be91eb1c42b66e91abb407ff42b10feece5e1d2d
  languageName: node
  linkType: hard

"sort-object-keys@npm:^1.1.3":
  version: 1.1.3
  resolution: "sort-object-keys@npm:1.1.3"
  checksum: abea944d6722a1710a1aa6e4f9509da085d93d5fc0db23947cb411eedc7731f80022ce8fa68ed83a53dd2ac7441fcf72a3f38c09b3d9bbc4ff80546aa2e151ad
  languageName: node
  linkType: hard

"sort-package-json@npm:2.7.0":
  version: 2.7.0
  resolution: "sort-package-json@npm:2.7.0"
  dependencies:
    detect-indent: ^7.0.1
    detect-newline: ^4.0.0
    get-stdin: ^9.0.0
    git-hooks-list: ^3.0.0
    globby: ^13.1.2
    is-plain-obj: ^4.1.0
    sort-object-keys: ^1.1.3
  bin:
    sort-package-json: cli.js
  checksum: 3047c80c8ccd602e678c407df9f48862a613f32992676190cec332116837a65e2c345e4865cff7fad1f681faefa6c4e8cf243cf26c4a923cff369bace768626f
  languageName: node
  linkType: hard

"sqlstring@npm:2.3.1":
  version: 2.3.1
  resolution: "sqlstring@npm:2.3.1"
  checksum: de4299cf9bd0f49abae5b4eddde42c7ae7c447e035498ec50b3264610d6f0efbe433eeed2d20d48b6362bf46fd96c85cf6db240e994dbe6d5c3f9dac6d7ffd31
  languageName: node
  linkType: hard

"string_decoder@npm:~1.1.1":
  version: 1.1.1
  resolution: "string_decoder@npm:1.1.1"
  dependencies:
    safe-buffer: ~5.1.0
  checksum: 9ab7e56f9d60a28f2be697419917c50cac19f3e8e6c28ef26ed5f4852289fe0de5d6997d29becf59028556f2c62983790c1d9ba1e2a3cc401768ca12d5183a5b
  languageName: node
  linkType: hard

"synckit@npm:0.9.0":
  version: 0.9.0
  resolution: "synckit@npm:0.9.0"
  dependencies:
    "@pkgr/core": ^0.1.0
    tslib: ^2.6.2
  checksum: c38bc3df0306c3242ddc5628d766ef0b4ca85a8a861b0a26b03483f09eca31a7fbdbcefb1b9fdee9e49db7739df25ce728cb2c6aef02ddc58bf46ee71924a36b
  languageName: node
  linkType: hard

"to-regex-range@npm:^5.0.1":
  version: 5.0.1
  resolution: "to-regex-range@npm:5.0.1"
  dependencies:
    is-number: ^7.0.0
  checksum: f76fa01b3d5be85db6a2a143e24df9f60dd047d151062d0ba3df62953f2f697b16fe5dad9b0ac6191c7efc7b1d9dcaa4b768174b7b29da89d4428e64bc0a20ed
  languageName: node
  linkType: hard

"ts-node@npm:^10.9.2":
  version: 10.9.2
  resolution: "ts-node@npm:10.9.2"
  dependencies:
    "@cspotcode/source-map-support": ^0.8.0
    "@tsconfig/node10": ^1.0.7
    "@tsconfig/node12": ^1.0.7
    "@tsconfig/node14": ^1.0.0
    "@tsconfig/node16": ^1.0.2
    acorn: ^8.4.1
    acorn-walk: ^8.1.1
    arg: ^4.1.0
    create-require: ^1.1.0
    diff: ^4.0.1
    make-error: ^1.1.1
    v8-compile-cache-lib: ^3.0.1
    yn: 3.1.1
  peerDependencies:
    "@swc/core": ">=1.2.50"
    "@swc/wasm": ">=1.2.50"
    "@types/node": "*"
    typescript: ">=2.7"
  peerDependenciesMeta:
    "@swc/core":
      optional: true
    "@swc/wasm":
      optional: true
  bin:
    ts-node: dist/bin.js
    ts-node-cwd: dist/bin-cwd.js
    ts-node-esm: dist/bin-esm.js
    ts-node-script: dist/bin-script.js
    ts-node-transpile-only: dist/bin-transpile.js
    ts-script: dist/bin-script-deprecated.js
  checksum: fde256c9073969e234526e2cfead42591b9a2aec5222bac154b0de2fa9e4ceb30efcd717ee8bc785a56f3a119bdd5aa27b333d9dbec94ed254bd26f8944c67ac
  languageName: node
  linkType: hard

"tslib@npm:^2.6.0":
  version: 2.6.0
  resolution: "tslib@npm:2.6.0"
  checksum: c01066038f950016a18106ddeca4649b4d76caa76ec5a31e2a26e10586a59fceb4ee45e96719bf6c715648e7c14085a81fee5c62f7e9ebee68e77a5396e5538f
  languageName: node
  linkType: hard

"tslib@npm:^2.6.2":
  version: 2.6.2
  resolution: "tslib@npm:2.6.2"
  checksum: 329ea56123005922f39642318e3d1f0f8265d1e7fcb92c633e0809521da75eeaca28d2cf96d7248229deb40e5c19adf408259f4b9640afd20d13aecc1430f3ad
  languageName: node
  linkType: hard

"typescript@npm:^5.3.3":
  version: 5.3.3
  resolution: "typescript@npm:5.3.3"
  bin:
    tsc: bin/tsc
    tsserver: bin/tsserver
  checksum: 2007ccb6e51bbbf6fde0a78099efe04dc1c3dfbdff04ca3b6a8bc717991862b39fd6126c0c3ebf2d2d98ac5e960bcaa873826bb2bb241f14277034148f41f6a2
  languageName: node
  linkType: hard

"typescript@patch:typescript@^5.3.3#~builtin<compat/typescript>":
  version: 5.3.3
  resolution: "typescript@patch:typescript@npm%3A5.3.3#~builtin<compat/typescript>::version=5.3.3&hash=14eedb"
  bin:
    tsc: bin/tsc
    tsserver: bin/tsserver
  checksum: f61375590b3162599f0f0d5b8737877ac0a7bc52761dbb585d67e7b8753a3a4c42d9a554c4cc929f591ffcf3a2b0602f65ae3ce74714fd5652623a816862b610
  languageName: node
  linkType: hard

"undici-types@npm:~5.26.4":
  version: 5.26.5
  resolution: "undici-types@npm:5.26.5"
  checksum: 3192ef6f3fd5df652f2dc1cd782b49d6ff14dc98e5dced492aa8a8c65425227da5da6aafe22523c67f035a272c599bb89cfe803c1db6311e44bed3042fc25487
  languageName: node
  linkType: hard

"util-deprecate@npm:~1.0.1":
  version: 1.0.2
  resolution: "util-deprecate@npm:1.0.2"
  checksum: 474acf1146cb2701fe3b074892217553dfcf9a031280919ba1b8d651a068c9b15d863b7303cb15bd00a862b498e6cf4ad7b4a08fb134edd5a6f7641681cb54a2
  languageName: node
  linkType: hard

"v8-compile-cache-lib@npm:^3.0.1":
  version: 3.0.1
  resolution: "v8-compile-cache-lib@npm:3.0.1"
  checksum: 78089ad549e21bcdbfca10c08850022b22024cdcc2da9b168bcf5a73a6ed7bf01a9cebb9eac28e03cd23a684d81e0502797e88f3ccd27a32aeab1cfc44c39da0
  languageName: node
  linkType: hard

"yn@npm:3.1.1":
  version: 3.1.1
  resolution: "yn@npm:3.1.1"
  checksum: 2c487b0e149e746ef48cda9f8bad10fc83693cd69d7f9dcd8be4214e985de33a29c9e24f3c0d6bcf2288427040a8947406ab27f7af67ee9456e6b84854f02dd6
  languageName: node
  linkType: hard
